{
  "name": "@jeff-js/component-wangeditor",
  "version": "2.5.39",
  "lockfileVersion": 2,
  "requires": true,
  "packages": {
    "": {
      "name": "@jeff-js/component-wangeditor",
      "version": "2.5.29",
      "license": "MIT",
      "dependencies": {
        "wangeditor": "^4.6.0"
      }
    },
    "node_modules/@babel/runtime": {
      "version": "7.21.0",
      "resolved": "https://registry.npmjs.org/@babel/runtime/-/runtime-7.21.0.tgz",
      "integrity": "sha512-xwII0//EObnq89Ji5AKYQaRYiW/nZ3llSv29d49IuxPhKbtJoLP+9QUUZ4nVragQVtaVGeZrpB+ZtG/Pdy/POw==",
      "dependencies": {
        "regenerator-runtime": "^0.13.11"
      },
      "engines": {
        "node": ">=6.9.0"
      }
    },
    "node_modules/@babel/runtime-corejs3": {
      "version": "7.21.0",
      "resolved": "https://registry.npmjs.org/@babel/runtime-corejs3/-/runtime-corejs3-7.21.0.tgz",
      "integrity": "sha512-TDD4UJzos3JJtM+tHX+w2Uc+KWj7GV+VKKFdMVd2Rx8sdA19hcc3P3AHFYd5LVOw+pYuSd5lICC3gm52B6Rwxw==",
      "dependencies": {
        "core-js-pure": "^3.25.1",
        "regenerator-runtime": "^0.13.11"
      },
      "engines": {
        "node": ">=6.9.0"
      }
    },
    "node_modules/core-js-pure": {
      "version": "3.30.1",
      "resolved": "https://registry.npmjs.org/core-js-pure/-/core-js-pure-3.30.1.tgz",
      "integrity": "sha512-nXBEVpmUnNRhz83cHd9JRQC52cTMcuXAmR56+9dSMpRdpeA4I1PX6yjmhd71Eyc/wXNsdBdUDIj1QTIeZpU5Tg==",
      "hasInstallScript": true,
      "funding": {
        "type": "opencollective",
        "url": "https://opencollective.com/core-js"
      }
    },
    "node_modules/regenerator-runtime": {
      "version": "0.13.11",
      "resolved": "https://registry.npmjs.org/regenerator-runtime/-/regenerator-runtime-0.13.11.tgz",
      "integrity": "sha512-kY1AZVr2Ra+t+piVaJ4gxaFaReZVH40AKNo7UCX6W+dEwBo/2oZJzqfuN1qLq1oL45o56cPaTXELwrTh8Fpggg=="
    },
    "node_modules/tslib": {
      "version": "2.5.0",
      "resolved": "https://registry.npmjs.org/tslib/-/tslib-2.5.0.tgz",
      "integrity": "sha512-336iVw3rtn2BUK7ORdIAHTyxHGRIHVReokCR3XjbckJMK7ms8FysBfhLR8IXnAgy7T0PTPNBWKiH514FOW/WSg=="
    },
    "node_modules/wangeditor": {
      "version": "4.7.15",
      "resolved": "https://registry.npmjs.org/wangeditor/-/wangeditor-4.7.15.tgz",
      "integrity": "sha512-aPTdREd8BxXVyJ5MI+LU83FQ7u1EPd341iXIorRNYSOvoimNoZ4nPg+yn3FGbB93/owEa6buLw8wdhYnMCJQLg==",
      "dependencies": {
        "@babel/runtime": "^7.11.2",
        "@babel/runtime-corejs3": "^7.11.2",
        "tslib": "^2.1.0"
      }
    }
  },
  "dependencies": {
    "@babel/runtime": {
      "version": "7.21.0",
      "resolved": "https://registry.npmjs.org/@babel/runtime/-/runtime-7.21.0.tgz",
      "integrity": "sha512-xwII0//EObnq89Ji5AKYQaRYiW/nZ3llSv29d49IuxPhKbtJoLP+9QUUZ4nVragQVtaVGeZrpB+ZtG/Pdy/POw==",
      "requires": {
        "regenerator-runtime": "^0.13.11"
      }
    },
    "@babel/runtime-corejs3": {
      "version": "7.21.0",
      "resolved": "https://registry.npmjs.org/@babel/runtime-corejs3/-/runtime-corejs3-7.21.0.tgz",
      "integrity": "sha512-TDD4UJzos3JJtM+tHX+w2Uc+KWj7GV+VKKFdMVd2Rx8sdA19hcc3P3AHFYd5LVOw+pYuSd5lICC3gm52B6Rwxw==",
      "requires": {
        "core-js-pure": "^3.25.1",
        "regenerator-runtime": "^0.13.11"
      }
    },
    "core-js-pure": {
      "version": "3.30.1",
      "resolved": "https://registry.npmjs.org/core-js-pure/-/core-js-pure-3.30.1.tgz",
      "integrity": "sha512-nXBEVpmUnNRhz83cHd9JRQC52cTMcuXAmR56+9dSMpRdpeA4I1PX6yjmhd71Eyc/wXNsdBdUDIj1QTIeZpU5Tg=="
    },
    "regenerator-runtime": {
      "version": "0.13.11",
      "resolved": "https://registry.npmjs.org/regenerator-runtime/-/regenerator-runtime-0.13.11.tgz",
      "integrity": "sha512-kY1AZVr2Ra+t+piVaJ4gxaFaReZVH40AKNo7UCX6W+dEwBo/2oZJzqfuN1qLq1oL45o56cPaTXELwrTh8Fpggg=="
    },
    "tslib": {
      "version": "2.5.0",
      "resolved": "https://registry.npmjs.org/tslib/-/tslib-2.5.0.tgz",
      "integrity": "sha512-336iVw3rtn2BUK7ORdIAHTyxHGRIHVReokCR3XjbckJMK7ms8FysBfhLR8IXnAgy7T0PTPNBWKiH514FOW/WSg=="
    },
    "wangeditor": {
      "version": "4.7.15",
      "resolved": "https://registry.npmjs.org/wangeditor/-/wangeditor-4.7.15.tgz",
      "integrity": "sha512-aPTdREd8BxXVyJ5MI+LU83FQ7u1EPd341iXIorRNYSOvoimNoZ4nPg+yn3FGbB93/owEa6buLw8wdhYnMCJQLg==",
      "requires": {
        "@babel/runtime": "^7.11.2",
        "@babel/runtime-corejs3": "^7.11.2",
        "tslib": "^2.1.0"
      }
    }
  }
}
