{
	"name": "@jeff-js/component-wangeditor",
	"version": "2.5.55",
	"lockfileVersion": 2,
	"requires": true,
	"packages": {
		"": {
			"name": "@jeff-js/component-wangeditor",
			"version": "2.5.53",
			"license": "MIT",
			"dependencies": {
				"wangeditor": "^4.6.0"
			}
		},
		"node_modules/@babel/runtime": {
			"version": "7.21.5",
			"resolved": "https://registry.npmjs.org/@babel/runtime/-/runtime-7.21.5.tgz",
			"integrity": "sha512-8jI69toZqqcsnqGGqwGS4Qb1VwLOEp4hz+CXPywcvjs60u3B4Pom/U/7rm4W8tMOYEB+E9wgD0mW1l3r8qlI9Q==",
			"dependencies": {
				"regenerator-runtime": "^0.13.11"
			},
			"engines": {
				"node": ">=6.9.0"
			}
		},
		"node_modules/@babel/runtime-corejs3": {
			"version": "7.21.5",
			"resolved": "https://registry.npmjs.org/@babel/runtime-corejs3/-/runtime-corejs3-7.21.5.tgz",
			"integrity": "sha512-FRqFlFKNazWYykft5zvzuEl1YyTDGsIRrjV9rvxvYkUC7W/ueBng1X68Xd6uRMzAaJ0xMKn08/wem5YS1lpX8w==",
			"dependencies": {
				"core-js-pure": "^3.25.1",
				"regenerator-runtime": "^0.13.11"
			},
			"engines": {
				"node": ">=6.9.0"
			}
		},
		"node_modules/core-js-pure": {
			"version": "3.30.2",
			"resolved": "https://registry.npmjs.org/core-js-pure/-/core-js-pure-3.30.2.tgz",
			"integrity": "sha512-p/npFUJXXBkCCTIlEGBdghofn00jWG6ZOtdoIXSJmAu2QBvN0IqpZXWweOytcwE6cfx8ZvVUy1vw8zxhe4Y2vg==",
			"hasInstallScript": true,
			"funding": {
				"type": "opencollective",
				"url": "https://opencollective.com/core-js"
			}
		},
		"node_modules/regenerator-runtime": {
			"version": "0.13.11",
			"resolved": "https://registry.npmjs.org/regenerator-runtime/-/regenerator-runtime-0.13.11.tgz",
			"integrity": "sha512-kY1AZVr2Ra+t+piVaJ4gxaFaReZVH40AKNo7UCX6W+dEwBo/2oZJzqfuN1qLq1oL45o56cPaTXELwrTh8Fpggg=="
		},
		"node_modules/tslib": {
			"version": "2.5.0",
			"resolved": "https://registry.npmjs.org/tslib/-/tslib-2.5.0.tgz",
			"integrity": "sha512-336iVw3rtn2BUK7ORdIAHTyxHGRIHVReokCR3XjbckJMK7ms8FysBfhLR8IXnAgy7T0PTPNBWKiH514FOW/WSg=="
		},
		"node_modules/wangeditor": {
			"version": "4.7.15",
			"resolved": "https://registry.npmjs.org/wangeditor/-/wangeditor-4.7.15.tgz",
			"integrity": "sha512-aPTdREd8BxXVyJ5MI+LU83FQ7u1EPd341iXIorRNYSOvoimNoZ4nPg+yn3FGbB93/owEa6buLw8wdhYnMCJQLg==",
			"dependencies": {
				"@babel/runtime": "^7.11.2",
				"@babel/runtime-corejs3": "^7.11.2",
				"tslib": "^2.1.0"
			}
		}
	},
	"dependencies": {
		"@babel/runtime": {
			"version": "7.21.5",
			"resolved": "https://registry.npmjs.org/@babel/runtime/-/runtime-7.21.5.tgz",
			"integrity": "sha512-8jI69toZqqcsnqGGqwGS4Qb1VwLOEp4hz+CXPywcvjs60u3B4Pom/U/7rm4W8tMOYEB+E9wgD0mW1l3r8qlI9Q==",
			"requires": {
				"regenerator-runtime": "^0.13.11"
			}
		},
		"@babel/runtime-corejs3": {
			"version": "7.21.5",
			"resolved": "https://registry.npmjs.org/@babel/runtime-corejs3/-/runtime-corejs3-7.21.5.tgz",
			"integrity": "sha512-FRqFlFKNazWYykft5zvzuEl1YyTDGsIRrjV9rvxvYkUC7W/ueBng1X68Xd6uRMzAaJ0xMKn08/wem5YS1lpX8w==",
			"requires": {
				"core-js-pure": "^3.25.1",
				"regenerator-runtime": "^0.13.11"
			}
		},
		"core-js-pure": {
			"version": "3.30.2",
			"resolved": "https://registry.npmjs.org/core-js-pure/-/core-js-pure-3.30.2.tgz",
			"integrity": "sha512-p/npFUJXXBkCCTIlEGBdghofn00jWG6ZOtdoIXSJmAu2QBvN0IqpZXWweOytcwE6cfx8ZvVUy1vw8zxhe4Y2vg=="
		},
		"regenerator-runtime": {
			"version": "0.13.11",
			"resolved": "https://registry.npmjs.org/regenerator-runtime/-/regenerator-runtime-0.13.11.tgz",
			"integrity": "sha512-kY1AZVr2Ra+t+piVaJ4gxaFaReZVH40AKNo7UCX6W+dEwBo/2oZJzqfuN1qLq1oL45o56cPaTXELwrTh8Fpggg=="
		},
		"tslib": {
			"version": "2.5.0",
			"resolved": "https://registry.npmjs.org/tslib/-/tslib-2.5.0.tgz",
			"integrity": "sha512-336iVw3rtn2BUK7ORdIAHTyxHGRIHVReokCR3XjbckJMK7ms8FysBfhLR8IXnAgy7T0PTPNBWKiH514FOW/WSg=="
		},
		"wangeditor": {
			"version": "4.7.15",
			"resolved": "https://registry.npmjs.org/wangeditor/-/wangeditor-4.7.15.tgz",
			"integrity": "sha512-aPTdREd8BxXVyJ5MI+LU83FQ7u1EPd341iXIorRNYSOvoimNoZ4nPg+yn3FGbB93/owEa6buLw8wdhYnMCJQLg==",
			"requires": {
				"@babel/runtime": "^7.11.2",
				"@babel/runtime-corejs3": "^7.11.2",
				"tslib": "^2.1.0"
			}
		}
	}
}
